
Microsoft Visual Studio Solution File, Format Version 12.00
# Visual Studio 2012
Project("{FAE04EC0-301F-11D3-BF4B-00C04F79EFBC}") = "PermissionsModel", "PermissionsModel\PermissionsModel.csproj", "{A6DEA355-AF9D-4575-9183-18C1E27CD5DA}"
EndProject
Project("{FAE04EC0-301F-11D3-BF4B-00C04F79EFBC}") = "PermissionsModel._Test", "PermissionsModel._Test\PermissionsModel._Test.csproj", "{39F06A28-9190-48C2-A55D-785233269D94}"
EndProject
Global
	GlobalSection(SolutionConfigurationPlatforms) = preSolution
		Debug|Any CPU = Debug|Any CPU
		Release|Any CPU = Release|Any CPU
	EndGlobalSection
	GlobalSection(ProjectConfigurationPlatforms) = postSolution
		{A6DEA355-AF9D-4575-9183-18C1E27CD5DA}.Debug|Any CPU.ActiveCfg = Debug|Any CPU
		{A6DEA355-AF9D-4575-9183-18C1E27CD5DA}.Debug|Any CPU.Build.0 = Debug|Any CPU
		{A6DEA355-AF9D-4575-9183-18C1E27CD5DA}.Release|Any CPU.ActiveCfg = Release|Any CPU
		{A6DEA355-AF9D-4575-9183-18C1E27CD5DA}.Release|Any CPU.Build.0 = Release|Any CPU
		{39F06A28-9190-48C2-A55D-785233269D94}.Debug|Any CPU.ActiveCfg = Debug|Any CPU
		{39F06A28-9190-48C2-A55D-785233269D94}.Debug|Any CPU.Build.0 = Debug|Any CPU
		{39F06A28-9190-48C2-A55D-785233269D94}.Release|Any CPU.ActiveCfg = Release|Any CPU
		{39F06A28-9190-48C2-A55D-785233269D94}.Release|Any CPU.Build.0 = Release|Any CPU
	EndGlobalSection
	GlobalSection(SolutionProperties) = preSolution
		HideSolutionNode = FALSE
	EndGlobalSection
EndGlobal
